// !$*UTF8*$!
{
	archiveVersion = 1;
	classes = {
	};
	objectVersion = 50;
	objects = {

/* Begin PBXBuildFile section */
		FD1064BB2506717200ECCD2D /* SpeedView.swift in Sources */ = {isa = PBXBuildFile; fileRef = FD1064B62506717200ECCD2D /* SpeedView.swift */; };
		FD1064BC2506717200ECCD2D /* TempView.swift in Sources */ = {isa = PBXBuildFile; fileRef = FD1064B72506717200ECCD2D /* TempView.swift */; };
		FD1064BD2506717200ECCD2D /* DistanceView.swift in Sources */ = {isa = PBXBuildFile; fileRef = FD1064B82506717200ECCD2D /* DistanceView.swift */; };
		FD1064BE2506717200ECCD2D /* OhmsView.swift in Sources */ = {isa = PBXBuildFile; fileRef = FD1064B92506717200ECCD2D /* OhmsView.swift */; };
		FD4A7FEE246CB517008145CE /* AppDelegate.swift in Sources */ = {isa = PBXBuildFile; fileRef = FD4A7FED246CB517008145CE /* AppDelegate.swift */; };
		FD4A7FF0246CB517008145CE /* SceneDelegate.swift in Sources */ = {isa = PBXBuildFile; fileRef = FD4A7FEF246CB517008145CE /* SceneDelegate.swift */; };
		FD4A7FF2246CB517008145CE /* ContentView.swift in Sources */ = {isa = PBXBuildFile; fileRef = FD4A7FF1246CB517008145CE /* ContentView.swift */; };
		FD4A7FF4246CB519008145CE /* Assets.xcassets in Resources */ = {isa = PBXBuildFile; fileRef = FD4A7FF3246CB519008145CE /* Assets.xcassets */; };
		FD4A7FF7246CB519008145CE /* Preview Assets.xcassets in Resources */ = {isa = PBXBuildFile; fileRef = FD4A7FF6246CB519008145CE /* Preview Assets.xcassets */; };
		FD4A7FFA246CB519008145CE /* LaunchScreen.storyboard in Resources */ = {isa = PBXBuildFile; fileRef = FD4A7FF8246CB519008145CE /* LaunchScreen.storyboard */; };
/* End PBXBuildFile section */

/* Begin PBXFileReference section */
		FD1064B62506717200ECCD2D /* SpeedView.swift */ = {isa = PBXFileReference; fileEncoding = 4; lastKnownFileType = sourcecode.swift; path = SpeedView.swift; sourceTree = "<group>"; };
		FD1064B72506717200ECCD2D /* TempView.swift */ = {isa = PBXFileReference; fileEncoding = 4; lastKnownFileType = sourcecode.swift; path = TempView.swift; sourceTree = "<group>"; };
		FD1064B82506717200ECCD2D /* DistanceView.swift */ = {isa = PBXFileReference; fileEncoding = 4; lastKnownFileType = sourcecode.swift; path = DistanceView.swift; sourceTree = "<group>"; };
		FD1064B92506717200ECCD2D /* OhmsView.swift */ = {isa = PBXFileReference; fileEncoding = 4; lastKnownFileType = sourcecode.swift; path = OhmsView.swift; sourceTree = "<group>"; };
		FD4A7FEA246CB517008145CE /* Convert++.app */ = {isa = PBXFileReference; explicitFileType = wrapper.application; includeInIndex = 0; path = "Convert++.app"; sourceTree = BUILT_PRODUCTS_DIR; };
		FD4A7FED246CB517008145CE /* AppDelegate.swift */ = {isa = PBXFileReference; lastKnownFileType = sourcecode.swift; path = AppDelegate.swift; sourceTree = "<group>"; };
		FD4A7FEF246CB517008145CE /* SceneDelegate.swift */ = {isa = PBXFileReference; lastKnownFileType = sourcecode.swift; path = SceneDelegate.swift; sourceTree = "<group>"; };
		FD4A7FF1246CB517008145CE /* ContentView.swift */ = {isa = PBXFileReference; lastKnownFileType = sourcecode.swift; path = ContentView.swift; sourceTree = "<group>"; };
		FD4A7FF3246CB519008145CE /* Assets.xcassets */ = {isa = PBXFileReference; lastKnownFileType = folder.assetcatalog; path = Assets.xcassets; sourceTree = "<group>"; };
		FD4A7FF6246CB519008145CE /* Preview Assets.xcassets */ = {isa = PBXFileReference; lastKnownFileType = folder.assetcatalog; path = "Preview Assets.xcassets"; sourceTree = "<group>"; };
		FD4A7FF9246CB519008145CE /* Base */ = {isa = PBXFileReference; lastKnownFileType = file.storyboard; name = Base; path = Base.lproj/LaunchScreen.storyboard; sourceTree = "<group>"; };
		FD4A7FFB246CB519008145CE /* Info.plist */ = {isa = PBXFileReference; lastKnownFileType = text.plist.xml; path = Info.plist; sourceTree = "<group>"; };
		FDF8E31A264F5D520032F312 /* Convert++.entitlements */ = {isa = PBXFileReference; lastKnownFileType = text.plist.entitlements; path = "Convert++.entitlements"; sourceTree = "<group>"; };
/* End PBXFileReference section */

/* Begin PBXFrameworksBuildPhase section */
		FD4A7FE7246CB517008145CE /* Frameworks */ = {
			isa = PBXFrameworksBuildPhase;
			buildActionMask = 2147483647;
			files = (
			);
			runOnlyForDeploymentPostprocessing = 0;
		};
/* End PBXFrameworksBuildPhase section */

/* Begin PBXGroup section */
		FD4A7FE1246CB517008145CE = {
			isa = PBXGroup;
			children = (
				FD4A7FEC246CB517008145CE /* Convert++ */,
				FD4A7FEB246CB517008145CE /* Products */,
			);
			sourceTree = "<group>";
		};
		FD4A7FEB246CB517008145CE /* Products */ = {
			isa = PBXGroup;
			children = (
				FD4A7FEA246CB517008145CE /* Convert++.app */,
			);
			name = Products;
			sourceTree = "<group>";
		};
		FD4A7FEC246CB517008145CE /* Convert++ */ = {
			isa = PBXGroup;
			children = (
				FDF8E31A264F5D520032F312 /* Convert++.entitlements */,
				FD1064B82506717200ECCD2D /* DistanceView.swift */,
				FD1064B92506717200ECCD2D /* OhmsView.swift */,
				FD1064B62506717200ECCD2D /* SpeedView.swift */,
				FD1064B72506717200ECCD2D /* TempView.swift */,
				FD4A7FED246CB517008145CE /* AppDelegate.swift */,
				FD4A7FEF246CB517008145CE /* SceneDelegate.swift */,
				FD4A7FF1246CB517008145CE /* ContentView.swift */,
				FD4A7FF3246CB519008145CE /* Assets.xcassets */,
				FD4A7FF8246CB519008145CE /* LaunchScreen.storyboard */,
				FD4A7FFB246CB519008145CE /* Info.plist */,
				FD4A7FF5246CB519008145CE /* Preview Content */,
			);
			path = "Convert++";
			sourceTree = "<group>";
		};
		FD4A7FF5246CB519008145CE /* Preview Content */ = {
			isa = PBXGroup;
			children = (
				FD4A7FF6246CB519008145CE /* Preview Assets.xcassets */,
			);
			path = "Preview Content";
			sourceTree = "<group>";
		};
/* End PBXGroup section */

/* Begin PBXNativeTarget section */
		FD4A7FE9246CB517008145CE /* Convert++ */ = {
			isa = PBXNativeTarget;
			buildConfigurationList = FD4A7FFE246CB519008145CE /* Build configuration list for PBXNativeTarget "Convert++" */;
			buildPhases = (
				FD4A7FE6246CB517008145CE /* Sources */,
				FD4A7FE7246CB517008145CE /* Frameworks */,
				FD4A7FE8246CB517008145CE /* Resources */,
			);
			buildRules = (
			);
			dependencies = (
			);
			name = "Convert++";
			productName = "Convert++";
			productReference = FD4A7FEA246CB517008145CE /* Convert++.app */;
			productType = "com.apple.product-type.application";
		};
/* End PBXNativeTarget section */

/* Begin PBXProject section */
		FD4A7FE2246CB517008145CE /* Project object */ = {
			isa = PBXProject;
			attributes = {
				LastSwiftUpdateCheck = 1150;
				LastUpgradeCheck = 1200;
				ORGANIZATIONNAME = "Kyle Ferrigan";
				TargetAttributes = {
					FD4A7FE9246CB517008145CE = {
						CreatedOnToolsVersion = 11.5;
					};
				};
			};
			buildConfigurationList = FD4A7FE5246CB517008145CE /* Build configuration list for PBXProject "Convert++" */;
			compatibilityVersion = "Xcode 9.3";
			developmentRegion = en;
			hasScannedForEncodings = 0;
			knownRegions = (
				en,
				Base,
			);
			mainGroup = FD4A7FE1246CB517008145CE;
			productRefGroup = FD4A7FEB246CB517008145CE /* Products */;
			projectDirPath = "";
			projectRoot = "";
			targets = (
				FD4A7FE9246CB517008145CE /* Convert++ */,
			);
		};
/* End PBXProject section */

/* Begin PBXResourcesBuildPhase section */
		FD4A7FE8246CB517008145CE /* Resources */ = {
			isa = PBXResourcesBuildPhase;
			buildActionMask = 2147483647;
			files = (
				FD4A7FFA246CB519008145CE /* LaunchScreen.storyboard in Resources */,
				FD4A7FF7246CB519008145CE /* Preview Assets.xcassets in Resources */,
				FD4A7FF4246CB519008145CE /* Assets.xcassets in Resources */,
			);
			runOnlyForDeploymentPostprocessing = 0;
		};
/* End PBXResourcesBuildPhase section */

/* Begin PBXSourcesBuildPhase section */
		FD4A7FE6246CB517008145CE /* Sources */ = {
			isa = PBXSourcesBuildPhase;
			buildActionMask = 2147483647;
			files = (
				FD1064BE2506717200ECCD2D /* OhmsView.swift in Sources */,
				FD1064BC2506717200ECCD2D /* TempView.swift in Sources */,
				FD4A7FEE246CB517008145CE /* AppDelegate.swift in Sources */,
				FD1064BD2506717200ECCD2D /* DistanceView.swift in Sources */,
				FD4A7FF0246CB517008145CE /* SceneDelegate.swift in Sources */,
				FD4A7FF2246CB517008145CE /* ContentView.swift in Sources */,
				FD1064BB2506717200ECCD2D /* SpeedView.swift in Sources */,
			);
			runOnlyForDeploymentPostprocessing = 0;
		};
/* End PBXSourcesBuildPhase section */

/* Begin PBXVariantGroup section */
		FD4A7FF8246CB519008145CE /* LaunchScreen.storyboard */ = {
			isa = PBXVariantGroup;
			children = (
				FD4A7FF9246CB519008145CE /* Base */,
			);
			name = LaunchScreen.storyboard;
			sourceTree = "<group>";
		};
/* End PBXVariantGroup section */

/* Begin XCBuildConfiguration section */
		FD4A7FFC246CB519008145CE /* Debug */ = {
			isa = XCBuildConfiguration;
			buildSettings = {
				ALWAYS_SEARCH_USER_PATHS = NO;
				CLANG_ANALYZER_NONNULL = YES;
				CLANG_ANALYZER_NUMBER_OBJECT_CONVERSION = YES_AGGRESSIVE;
				CLANG_CXX_LANGUAGE_STANDARD = "gnu++14";
				CLANG_CXX_LIBRARY = "libc++";
				CLANG_ENABLE_MODULES = YES;
				CLANG_ENABLE_OBJC_ARC = YES;
				CLANG_ENABLE_OBJC_WEAK = YES;
				CLANG_WARN_BLOCK_CAPTURE_AUTORELEASING = YES;
				CLANG_WARN_BOOL_CONVERSION = YES;
				CLANG_WARN_COMMA = YES;
				CLANG_WARN_CONSTANT_CONVERSION = YES;
				CLANG_WARN_DEPRECATED_OBJC_IMPLEMENTATIONS = YES;
				CLANG_WARN_DIRECT_OBJC_ISA_USAGE = YES_ERROR;
				CLANG_WARN_DOCUMENTATION_COMMENTS = YES;
				CLANG_WARN_EMPTY_BODY = YES;
				CLANG_WARN_ENUM_CONVERSION = YES;
				CLANG_WARN_INFINITE_RECURSION = YES;
				CLANG_WARN_INT_CONVERSION = YES;
				CLANG_WARN_NON_LITERAL_NULL_CONVERSION = YES;
				CLANG_WARN_OBJC_IMPLICIT_RETAIN_SELF = YES;
				CLANG_WARN_OBJC_LITERAL_CONVERSION = YES;
				CLANG_WARN_OBJC_ROOT_CLASS = YES_ERROR;
				CLANG_WARN_QUOTED_INCLUDE_IN_FRAMEWORK_HEADER = YES;
				CLANG_WARN_RANGE_LOOP_ANALYSIS = YES;
				CLANG_WARN_STRICT_PROTOTYPES = YES;
				CLANG_WARN_SUSPICIOUS_MOVE = YES;
				CLANG_WARN_UNGUARDED_AVAILABILITY = YES_AGGRESSIVE;
				CLANG_WARN_UNREACHABLE_CODE = YES;
				CLANG_WARN__DUPLICATE_METHOD_MATCH = YES;
				COPY_PHASE_STRIP = NO;
				DEBUG_INFORMATION_FORMAT = dwarf;
				ENABLE_STRICT_OBJC_MSGSEND = YES;
				ENABLE_TESTABILITY = YES;
				GCC_C_LANGUAGE_STANDARD = gnu11;
				GCC_DYNAMIC_NO_PIC = NO;
				GCC_NO_COMMON_BLOCKS = YES;
				GCC_OPTIMIZATION_LEVEL = 0;
				GCC_PREPROCESSOR_DEFINITIONS = (
					"DEBUG=1",
					"$(inherited)",
				);
				GCC_WARN_64_TO_32_BIT_CONVERSION = YES;
				GCC_WARN_ABOUT_RETURN_TYPE = YES_ERROR;
				GCC_WARN_UNDECLARED_SELECTOR = YES;
				GCC_WARN_UNINITIALIZED_AUTOS = YES_AGGRESSIVE;
				GCC_WARN_UNUSED_FUNCTION = YES;
				GCC_WARN_UNUSED_VARIABLE = YES;
				IPHONEOS_DEPLOYMENT_TARGET = 13.0;
				MTL_ENABLE_DEBUG_INFO = INCLUDE_SOURCE;
				MTL_FAST_MATH = YES;
				ONLY_ACTIVE_ARCH = YES;
				SDKROOT = iphoneos;
				SWIFT_ACTIVE_COMPILATION_CONDITIONS = DEBUG;
				SWIFT_OPTIMIZATION_LEVEL = "-Onone";
			};
			name = Debug;
		};
		FD4A7FFD246CB519008145CE /* Release */ = {
			isa = XCBuildConfiguration;
			buildSettings = {
				ALWAYS_SEARCH_USER_PATHS = NO;
				CLANG_ANALYZER_NONNULL = YES;
				CLANG_ANALYZER_NUMBER_OBJECT_CONVERSION = YES_AGGRESSIVE;
				CLANG_CXX_LANGUAGE_STANDARD = "gnu++14";
				CLANG_CXX_LIBRARY = "libc++";
				CLANG_ENABLE_MODULES = YES;
				CLANG_ENABLE_OBJC_ARC = YES;
				CLANG_ENABLE_OBJC_WEAK = YES;
				CLANG_WARN_BLOCK_CAPTURE_AUTORELEASING = YES;
				CLANG_WARN_BOOL_CONVERSION = YES;
				CLANG_WARN_COMMA = YES;
				CLANG_WARN_CONSTANT_CONVERSION = YES;
				CLANG_WARN_DEPRECATED_OBJC_IMPLEMENTATIONS = YES;
				CLANG_WARN_DIRECT_OBJC_ISA_USAGE = YES_ERROR;
				CLANG_WARN_DOCUMENTATION_COMMENTS = YES;
				CLANG_WARN_EMPTY_BODY = YES;
				CLANG_WARN_ENUM_CONVERSION = YES;
				CLANG_WARN_INFINITE_RECURSION = YES;
				CLANG_WARN_INT_CONVERSION = YES;
				CLANG_WARN_NON_LITERAL_NULL_CONVERSION = YES;
				CLANG_WARN_OBJC_IMPLICIT_RETAIN_SELF = YES;
				CLANG_WARN_OBJC_LITERAL_CONVERSION = YES;
				CLANG_WARN_OBJC_ROOT_CLASS = YES_ERROR;
				CLANG_WARN_QUOTED_INCLUDE_IN_FRAMEWORK_HEADER = YES;
				CLANG_WARN_RANGE_LOOP_ANALYSIS = YES;
				CLANG_WARN_STRICT_PROTOTYPES = YES;
				CLANG_WARN_SUSPICIOUS_MOVE = YES;
				CLANG_WARN_UNGUARDED_AVAILABILITY = YES_AGGRESSIVE;
				CLANG_WARN_UNREACHABLE_CODE = YES;
				CLANG_WARN__DUPLICATE_METHOD_MATCH = YES;
				COPY_PHASE_STRIP = NO;
				DEBUG_INFORMATION_FORMAT = "dwarf-with-dsym";
				ENABLE_NS_ASSERTIONS = NO;
				ENABLE_STRICT_OBJC_MSGSEND = YES;
				GCC_C_LANGUAGE_STANDARD = gnu11;
				GCC_NO_COMMON_BLOCKS = YES;
				GCC_WARN_64_TO_32_BIT_CONVERSION = YES;
				GCC_WARN_ABOUT_RETURN_TYPE = YES_ERROR;
				GCC_WARN_UNDECLARED_SELECTOR = YES;
				GCC_WARN_UNINITIALIZED_AUTOS = YES_AGGRESSIVE;
				GCC_WARN_UNUSED_FUNCTION = YES;
				GCC_WARN_UNUSED_VARIABLE = YES;
				IPHONEOS_DEPLOYMENT_TARGET = 13.0;
				MTL_ENABLE_DEBUG_INFO = NO;
				MTL_FAST_MATH = YES;
				SDKROOT = iphoneos;
				SWIFT_COMPILATION_MODE = wholemodule;
				SWIFT_OPTIMIZATION_LEVEL = "-O";
				VALIDATE_PRODUCT = YES;
			};
			name = Release;
		};
		FD4A7FFF246CB519008145CE /* Debug */ = {
			isa = XCBuildConfiguration;
			buildSettings = {
				ASSETCATALOG_COMPILER_APPICON_NAME = AppIcon;
				CODE_SIGN_ENTITLEMENTS = "Convert++/Convert++.entitlements";
				CODE_SIGN_STYLE = Automatic;
				CURRENT_PROJECT_VERSION = 10.0.0;
				DEVELOPMENT_ASSET_PATHS = "";
				DEVELOPMENT_TEAM = TJ8R5XP7FZ;
				ENABLE_PREVIEWS = YES;
				INFOPLIST_FILE = "Convert++/Info.plist";
				IPHONEOS_DEPLOYMENT_TARGET = 13.0;
				LD_RUNPATH_SEARCH_PATHS = (
					"$(inherited)",
					"@executable_path/Frameworks",
				);
				MARKETING_VERSION = 2.0;
				PRODUCT_BUNDLE_IDENTIFIER = "Kyle-Ferrigan.Convert--";
				PRODUCT_NAME = "$(TARGET_NAME)";
				SUPPORTS_MACCATALYST = YES;
				SWIFT_VERSION = 5.0;
				TARGETED_DEVICE_FAMILY = "1,2";
			};
			name = Debug;
		};
		FD4A8000246CB519008145CE /* Release */ = {
			isa = XCBuildConfiguration;
			buildSettings = {
				ASSETCATALOG_COMPILER_APPICON_NAME = AppIcon;
				CODE_SIGN_ENTITLEMENTS = "Convert++/Convert++.entitlements";
				CODE_SIGN_STYLE = Automatic;
				CURRENT_PROJECT_VERSION = 10.0.0;
				DEVELOPMENT_ASSET_PATHS = "";
				DEVELOPMENT_TEAM = TJ8R5XP7FZ;
				ENABLE_PREVIEWS = YES;
				INFOPLIST_FILE = "Convert++/Info.plist";
				IPHONEOS_DEPLOYMENT_TARGET = 13.0;
				LD_RUNPATH_SEARCH_PATHS = (
					"$(inherited)",
					"@executable_path/Frameworks",
				);
				MARKETING_VERSION = 2.0;
				PRODUCT_BUNDLE_IDENTIFIER = "Kyle-Ferrigan.Convert--";
				PRODUCT_NAME = "$(TARGET_NAME)";
				SUPPORTS_MACCATALYST = YES;
				SWIFT_VERSION = 5.0;
				TARGETED_DEVICE_FAMILY = "1,2";
			};
			name = Release;
		};
/* End XCBuildConfiguration section */

/* Begin XCConfigurationList section */
		FD4A7FE5246CB517008145CE /* Build configuration list for PBXProject "Convert++" */ = {
			isa = XCConfigurationList;
			buildConfigurations = (
				FD4A7FFC246CB519008145CE /* Debug */,
				FD4A7FFD246CB519008145CE /* Release */,
			);
			defaultConfigurationIsVisible = 0;
			defaultConfigurationName = Release;
		};
		FD4A7FFE246CB519008145CE /* Build configuration list for PBXNativeTarget "Convert++" */ = {
			isa = XCConfigurationList;
			buildConfigurations = (
				FD4A7FFF246CB519008145CE /* Debug */,
				FD4A8000246CB519008145CE /* Release */,
			);
			defaultConfigurationIsVisible = 0;
			defaultConfigurationName = Release;
		};
/* End XCConfigurationList section */
	};
	rootObject = FD4A7FE2246CB517008145CE /* Project object */;
}
